{
  "name": "sk337.github.io",
  "lockfileVersion": 3,
  "requires": true,
  "packages": {
    "": {
      "dependencies": {
        "bun": "^1.0.9"
      }
    },
    "node_modules/@oven/bun-darwin-aarch64": {
      "version": "1.0.9",
      "resolved": "https://registry.npmjs.org/@oven/bun-darwin-aarch64/-/bun-darwin-aarch64-1.0.9.tgz",
      "integrity": "sha512-VHg8pVamtj86svBfa8vkBNMBWUv46Rrm90qbs3SnzMBhRL+6ov2K7gFnbZMvYuf+lnURTZoF+jcmGXu0ylC2YQ==",
      "cpu": [
        "arm64"
      ],
      "optional": true,
      "os": [
        "darwin"
      ]
    },
    "node_modules/@oven/bun-darwin-x64": {
      "version": "1.0.9",
      "resolved": "https://registry.npmjs.org/@oven/bun-darwin-x64/-/bun-darwin-x64-1.0.9.tgz",
      "integrity": "sha512-66jM+06cZplHPFqO9iof8m7oVyv3v0DnAx8jlfHUvji0OULmwaCtYVonxuwCkBcdKWOORfAnkovy3bqk1tZ6UA==",
      "cpu": [
        "x64"
      ],
      "optional": true,
      "os": [
        "darwin"
      ]
    },
    "node_modules/@oven/bun-darwin-x64-baseline": {
      "version": "1.0.9",
      "resolved": "https://registry.npmjs.org/@oven/bun-darwin-x64-baseline/-/bun-darwin-x64-baseline-1.0.9.tgz",
      "integrity": "sha512-Mdw8FPKFa8qlp7qu4clfEZWSBhq6uz8MSMuhverCVaAhpAQmv2NwTtwpYp957gzO5vQFjoTUes/gZng/isdUOA==",
      "cpu": [
        "x64"
      ],
      "optional": true,
      "os": [
        "darwin"
      ]
    },
    "node_modules/@oven/bun-linux-aarch64": {
      "version": "1.0.9",
      "resolved": "https://registry.npmjs.org/@oven/bun-linux-aarch64/-/bun-linux-aarch64-1.0.9.tgz",
      "integrity": "sha512-HAe1tUG42tKVb1d7lHMneSYPDvChRETY9r3ABbYzrV3DoV8wDd4ZV3xhitspH6cbD0rV9Z9BNOHrlT1lC2PlmA==",
      "cpu": [
        "arm64"
      ],
      "optional": true,
      "os": [
        "linux"
      ]
    },
    "node_modules/@oven/bun-linux-x64": {
      "version": "1.0.9",
      "resolved": "https://registry.npmjs.org/@oven/bun-linux-x64/-/bun-linux-x64-1.0.9.tgz",
      "integrity": "sha512-VwcN/h6kbOxXQ6fAfULhCXhOC7+VC91Y0YjMJOxxYZT+bTNrtDAYd5TMdeEjqYqh24TMMLSnXNC8Smm3zGnv+w==",
      "cpu": [
        "x64"
      ],
      "optional": true,
      "os": [
        "linux"
      ]
    },
    "node_modules/@oven/bun-linux-x64-baseline": {
      "version": "1.0.9",
      "resolved": "https://registry.npmjs.org/@oven/bun-linux-x64-baseline/-/bun-linux-x64-baseline-1.0.9.tgz",
      "integrity": "sha512-m4XZSKCXB2UTDbBHWgkcrcVeXAIYOe+NMNxJVpPdZy6Gkr8OSuz+6vTVGlVxlKpn4UyUWzu/8qfj1vEl7CCoOw==",
      "cpu": [
        "x64"
      ],
      "optional": true,
      "os": [
        "linux"
      ]
    },
    "node_modules/bun": {
      "version": "1.0.9",
      "resolved": "https://registry.npmjs.org/bun/-/bun-1.0.9.tgz",
      "integrity": "sha512-xKE+PG21J6jg1BgqE77b/Qavz6XuCVO0y41DKrD/YwKr/eqMeJ2oqqR+pLG//8/Nvc7RISb27Bkk5kz3XwQe1Q==",
      "cpu": [
        "arm64",
        "x64"
      ],
      "hasInstallScript": true,
      "os": [
        "darwin",
        "linux"
      ],
      "bin": {
        "bun": "bin/bun",
        "bunx": "bin/bun"
      },
      "optionalDependencies": {
        "@oven/bun-darwin-aarch64": "1.0.9",
        "@oven/bun-darwin-x64": "1.0.9",
        "@oven/bun-darwin-x64-baseline": "1.0.9",
        "@oven/bun-linux-aarch64": "1.0.9",
        "@oven/bun-linux-x64": "1.0.9",
        "@oven/bun-linux-x64-baseline": "1.0.9"
      }
    }
  }
}
